{
  "name": "getevent",
  "version": "0.0.5",
  "lockfileVersion": 2,
  "requires": true,
  "packages": {
    "": {
      "name": "getevent",
      "version": "0.0.5",
      "license": "MIT",
      "dependencies": {
        "nostr": "^0.2.8"
      }
    },
    "node_modules/noble-secp256k1": {
      "version": "1.2.14",
      "resolved": "https://registry.npmjs.org/noble-secp256k1/-/noble-secp256k1-1.2.14.tgz",
      "integrity": "sha512-GSCXyoZBUaaPwVWdYncMEmzlSUjF9J/YeEHpklYJCyg8wPuJP3NzDx0BkiwArzINkdX2HJHvUJhL6vVWPOQQcg==",
      "deprecated": "Switch to namespaced @noble/secp256k1 for security and feature updates"
    },
    "node_modules/nostr": {
      "version": "0.2.8",
      "resolved": "https://registry.npmjs.org/nostr/-/nostr-0.2.8.tgz",
      "integrity": "sha512-p25OQiEB5x8rWWoWLRRbxtxQiaQgypaQQakSKw5+cp/SW0DXea/soMzqmTXei1I6HrcARuyfvedGTdoEU471Ow==",
      "dependencies": {
        "noble-secp256k1": "^1.2.14",
        "ws": "^8.8.1"
      }
    },
    "node_modules/ws": {
      "version": "8.13.0",
      "resolved": "https://registry.npmjs.org/ws/-/ws-8.13.0.tgz",
      "integrity": "sha512-x9vcZYTrFPC7aSIbj7sRCYo7L/Xb8Iy+pW0ng0wt2vCJv7M9HOMy0UoN3rr+IFC7hb7vXoqS+P9ktyLLLhO+LA==",
      "engines": {
        "node": ">=10.0.0"
      },
      "peerDependencies": {
        "bufferutil": "^4.0.1",
        "utf-8-validate": ">=5.0.2"
      },
      "peerDependenciesMeta": {
        "bufferutil": {
          "optional": true
        },
        "utf-8-validate": {
          "optional": true
        }
      }
    }
  },
  "dependencies": {
    "noble-secp256k1": {
      "version": "1.2.14",
      "resolved": "https://registry.npmjs.org/noble-secp256k1/-/noble-secp256k1-1.2.14.tgz",
      "integrity": "sha512-GSCXyoZBUaaPwVWdYncMEmzlSUjF9J/YeEHpklYJCyg8wPuJP3NzDx0BkiwArzINkdX2HJHvUJhL6vVWPOQQcg=="
    },
    "nostr": {
      "version": "0.2.8",
      "resolved": "https://registry.npmjs.org/nostr/-/nostr-0.2.8.tgz",
      "integrity": "sha512-p25OQiEB5x8rWWoWLRRbxtxQiaQgypaQQakSKw5+cp/SW0DXea/soMzqmTXei1I6HrcARuyfvedGTdoEU471Ow==",
      "requires": {
        "noble-secp256k1": "^1.2.14",
        "ws": "^8.8.1"
      }
    },
    "ws": {
      "version": "8.13.0",
      "resolved": "https://registry.npmjs.org/ws/-/ws-8.13.0.tgz",
      "integrity": "sha512-x9vcZYTrFPC7aSIbj7sRCYo7L/Xb8Iy+pW0ng0wt2vCJv7M9HOMy0UoN3rr+IFC7hb7vXoqS+P9ktyLLLhO+LA==",
      "requires": {}
    }
  }
}
